<?xml version="1.0" encoding="utf-8"?>
<Project ToolsVersion="4.0" xmlns="http://schemas.microsoft.com/developer/msbuild/2003">
  <ItemGroup>
    <Filter Include="Main">
      <UniqueIdentifier>{a2fb7abd-1138-4b44-8255-4dc7a713b100}</UniqueIdentifier>
    </Filter>
    <Filter Include="Main\MainKeyEvent">
      <UniqueIdentifier>{f4d2262e-4720-4877-ad18-4945d66cb33b}</UniqueIdentifier>
    </Filter>
  </ItemGroup>
  <ItemGroup>
    <ClCompile Include="WinMain.cpp">
      <Filter>Main</Filter>
    </ClCompile>
    <ClCompile Include="WinMainKeyEvent.cpp">
      <Filter>Main\MainKeyEvent</Filter>
    </ClCompile>
  </ItemGroup>
  <ItemGroup>
    <ClInclude Include="WinMain.h">
      <Filter>Main</Filter>
    </ClInclude>
    <ClInclude Include="WinMainKeyEvent.h">
      <Filter>Main\MainKeyEvent</Filter>
    </ClInclude>
  </ItemGroup>
</Project>